
Microsoft Visual Studio Solution File, Format Version 12.00
# Visual Studio Version 16
VisualStudioVersion = 16.0.29215.179
MinimumVisualStudioVersion = 10.0.40219.1
Project("{FAE04EC0-301F-11D3-BF4B-00C04F79EFBC}") = "otopark", "otopark\otopark.csproj", "{378725E7-5702-496C-A15F-F2DA79531EB9}"
EndProject
Global
	GlobalSection(SolutionConfigurationPlatforms) = preSolution
		Debug|Any CPU = Debug|Any CPU
		Release|Any CPU = Release|Any CPU
	EndGlobalSection
	GlobalSection(ProjectConfigurationPlatforms) = postSolution
		{378725E7-5702-496C-A15F-F2DA79531EB9}.Debug|Any CPU.ActiveCfg = Debug|Any CPU
		{378725E7-5702-496C-A15F-F2DA79531EB9}.Debug|Any CPU.Build.0 = Debug|Any CPU
		{378725E7-5702-496C-A15F-F2DA79531EB9}.Release|Any CPU.ActiveCfg = Release|Any CPU
		{378725E7-5702-496C-A15F-F2DA79531EB9}.Release|Any CPU.Build.0 = Release|Any CPU
	EndGlobalSection
	GlobalSection(SolutionProperties) = preSolution
		HideSolutionNode = FALSE
	EndGlobalSection
	GlobalSection(ExtensibilityGlobals) = postSolution
		SolutionGuid = {E04B463D-1BA1-4033-A986-68F11E0B4E7E}
	EndGlobalSection
EndGlobal
